
Microsoft Visual Studio Solution File, Format Version 12.00
# Visual Studio Version 17
VisualStudioVersion = 17.4.33110.190
MinimumVisualStudioVersion = 10.0.40219.1
Project("{9A19103F-16F7-4668-BE54-9A1E7A4F7556}") = "InternalAPI", "InternalAPI.csproj", "{4C59BE62-E421-49B0-8165-01950C08DED2}"
EndProject
Global
	GlobalSection(SolutionConfigurationPlatforms) = preSolution
		Debug|Any CPU = Debug|Any CPU
		Release|Any CPU = Release|Any CPU
	EndGlobalSection
	GlobalSection(ProjectConfigurationPlatforms) = postSolution
		{4C59BE62-E421-49B0-8165-01950C08DED2}.Debug|Any CPU.ActiveCfg = Debug|Any CPU
		{4C59BE62-E421-49B0-8165-01950C08DED2}.Debug|Any CPU.Build.0 = Debug|Any CPU
		{4C59BE62-E421-49B0-8165-01950C08DED2}.Release|Any CPU.ActiveCfg = Release|Any CPU
		{4C59BE62-E421-49B0-8165-01950C08DED2}.Release|Any CPU.Build.0 = Release|Any CPU
	EndGlobalSection
	GlobalSection(SolutionProperties) = preSolution
		HideSolutionNode = FALSE
	EndGlobalSection
	GlobalSection(ExtensibilityGlobals) = postSolution
		SolutionGuid = {7A5D377C-A977-4218-9A2E-338A066995D5}
	EndGlobalSection
EndGlobal
